<?xml version="1.0"?>
<Project ToolsVersion="4.0" xmlns="http://schemas.microsoft.com/developer/msbuild/2003">
	<ItemGroup>
		<ClCompile Include="src\ofApp.cpp">
			<Filter>src</Filter>
		</ClCompile>
		<ClCompile Include="src\main.cpp">
			<Filter>src</Filter>
		</ClCompile>
		<ClCompile Include="src\main.cpp">
			<Filter>src</Filter>
		</ClCompile>
		<ClCompile Include="src\ofApp.cpp">
			<Filter>src</Filter>
		</ClCompile>
		<ClCompile Include="..\..\..\addons\ofxBeatClock\src\ofxBeatClock.cpp">
			<Filter>addons\ofxBeatClock\src</Filter>
		</ClCompile>
		<ClCompile Include="..\..\..\addons\ofxDawMetro\src\ofxDawMetro.cpp">
			<Filter>addons\ofxDawMetro\src</Filter>
		</ClCompile>
		<ClCompile Include="..\..\..\addons\ofxGuiExtended2\src\containers\ofxGuiContainer.cpp">
			<Filter>addons\ofxGuiExtended2\src\containers</Filter>
		</ClCompile>
		<ClCompile Include="..\..\..\addons\ofxGuiExtended2\src\containers\ofxGuiGroup2.cpp">
			<Filter>addons\ofxGuiExtended2\src\containers</Filter>
		</ClCompile>
		<ClCompile Include="..\..\..\addons\ofxGuiExtended2\src\containers\ofxGuiMenu.cpp">
			<Filter>addons\ofxGuiExtended2\src\containers</Filter>
		</ClCompile>
		<ClCompile Include="..\..\..\addons\ofxGuiExtended2\src\containers\ofxGuiPanel.cpp">
			<Filter>addons\ofxGuiExtended2\src\containers</Filter>
		</ClCompile>
		<ClCompile Include="..\..\..\addons\ofxGuiExtended2\src\containers\ofxGuiSliderGroup.cpp">
			<Filter>addons\ofxGuiExtended2\src\containers</Filter>
		</ClCompile>
		<ClCompile Include="..\..\..\addons\ofxGuiExtended2\src\containers\ofxGuiTabs.cpp">
			<Filter>addons\ofxGuiExtended2\src\containers</Filter>
		</ClCompile>
		<ClCompile Include="..\..\..\addons\ofxGuiExtended2\src\controls\ofxGuiButton.cpp">
			<Filter>addons\ofxGuiExtended2\src\controls</Filter>
		</ClCompile>
		<ClCompile Include="..\..\..\addons\ofxGuiExtended2\src\controls\ofxGuiFpsPlotter.cpp">
			<Filter>addons\ofxGuiExtended2\src\controls</Filter>
		</ClCompile>
		<ClCompile Include="..\..\..\addons\ofxGuiExtended2\src\controls\ofxGuiFunctionPlotter.cpp">
			<Filter>addons\ofxGuiExtended2\src\controls</Filter>
		</ClCompile>
		<ClCompile Include="..\..\..\addons\ofxGuiExtended2\src\controls\ofxGuiGraphics.cpp">
			<Filter>addons\ofxGuiExtended2\src\controls</Filter>
		</ClCompile>
		<ClCompile Include="..\..\..\addons\ofxGuiExtended2\src\controls\ofxGuiInputField.cpp">
			<Filter>addons\ofxGuiExtended2\src\controls</Filter>
		</ClCompile>
		<ClCompile Include="..\..\..\addons\ofxGuiExtended2\src\controls\ofxGuiLabel.cpp">
			<Filter>addons\ofxGuiExtended2\src\controls</Filter>
		</ClCompile>
		<ClCompile Include="..\..\..\addons\ofxGuiExtended2\src\controls\ofxGuiRangeSlider.cpp">
			<Filter>addons\ofxGuiExtended2\src\controls</Filter>
		</ClCompile>
		<ClCompile Include="..\..\..\addons\ofxGuiExtended2\src\controls\ofxGuiSlider.cpp">
			<Filter>addons\ofxGuiExtended2\src\controls</Filter>
		</ClCompile>
		<ClCompile Include="..\..\..\addons\ofxGuiExtended2\src\controls\ofxGuiToggle.cpp">
			<Filter>addons\ofxGuiExtended2\src\controls</Filter>
		</ClCompile>
		<ClCompile Include="..\..\..\addons\ofxGuiExtended2\src\controls\ofxGuiValuePlotter.cpp">
			<Filter>addons\ofxGuiExtended2\src\controls</Filter>
		</ClCompile>
		<ClCompile Include="..\..\..\addons\ofxGuiExtended2\src\controls\ofxGuiZoomableGraphics.cpp">
			<Filter>addons\ofxGuiExtended2\src\controls</Filter>
		</ClCompile>
		<ClCompile Include="..\..\..\addons\ofxGuiExtended2\src\DOM\Document.cpp">
			<Filter>addons\ofxGuiExtended2\src\DOM</Filter>
		</ClCompile>
		<ClCompile Include="..\..\..\addons\ofxGuiExtended2\src\DOM\Element.cpp">
			<Filter>addons\ofxGuiExtended2\src\DOM</Filter>
		</ClCompile>
		<ClCompile Include="..\..\..\addons\ofxGuiExtended2\src\DOM\Events.cpp">
			<Filter>addons\ofxGuiExtended2\src\DOM</Filter>
		</ClCompile>
		<ClCompile Include="..\..\..\addons\ofxGuiExtended2\src\DOM\Exceptions.cpp">
			<Filter>addons\ofxGuiExtended2\src\DOM</Filter>
		</ClCompile>
		<ClCompile Include="..\..\..\addons\ofxGuiExtended2\src\DOM\Layout.cpp">
			<Filter>addons\ofxGuiExtended2\src\DOM</Filter>
		</ClCompile>
		<ClCompile Include="..\..\..\addons\ofxGuiExtended2\src\ofxGuiElement.cpp">
			<Filter>addons\ofxGuiExtended2\src</Filter>
		</ClCompile>
		<ClCompile Include="..\..\..\addons\ofxGuiExtended2\src\ofxGuiExtended2.cpp">
			<Filter>addons\ofxGuiExtended2\src</Filter>
		</ClCompile>
		<ClCompile Include="..\..\..\addons\ofxGuiExtended2\src\view\JsonConfigParser.cpp">
			<Filter>addons\ofxGuiExtended2\src\view</Filter>
		</ClCompile>
		<ClCompile Include="..\..\..\addons\ofxGuiExtended2\src\view\ofxDOMBoxLayout.cpp">
			<Filter>addons\ofxGuiExtended2\src\view</Filter>
		</ClCompile>
		<ClCompile Include="..\..\..\addons\ofxGuiExtended2\src\view\ofxDOMFlexBoxLayout.cpp">
			<Filter>addons\ofxGuiExtended2\src\view</Filter>
		</ClCompile>
		<ClCompile Include="..\..\..\addons\ofxGuiExtended2\src\view\ofxDOMLayoutHelper.cpp">
			<Filter>addons\ofxGuiExtended2\src\view</Filter>
		</ClCompile>
		<ClCompile Include="..\..\..\addons\ofxMidi\src\desktop\ofxRtMidiIn.cpp">
			<Filter>addons\ofxMidi\src\desktop</Filter>
		</ClCompile>
		<ClCompile Include="..\..\..\addons\ofxMidi\src\desktop\ofxRtMidiOut.cpp">
			<Filter>addons\ofxMidi\src\desktop</Filter>
		</ClCompile>
		<ClCompile Include="..\..\..\addons\ofxMidi\src\ofxBaseMidi.cpp">
			<Filter>addons\ofxMidi\src</Filter>
		</ClCompile>
		<ClCompile Include="..\..\..\addons\ofxMidi\src\ofxMidi.cpp">
			<Filter>addons\ofxMidi\src</Filter>
		</ClCompile>
		<ClCompile Include="..\..\..\addons\ofxMidi\src\ofxMidiClock.cpp">
			<Filter>addons\ofxMidi\src</Filter>
		</ClCompile>
		<ClCompile Include="..\..\..\addons\ofxMidi\src\ofxMidiIn.cpp">
			<Filter>addons\ofxMidi\src</Filter>
		</ClCompile>
		<ClCompile Include="..\..\..\addons\ofxMidi\src\ofxMidiMessage.cpp">
			<Filter>addons\ofxMidi\src</Filter>
		</ClCompile>
		<ClCompile Include="..\..\..\addons\ofxMidi\src\ofxMidiOut.cpp">
			<Filter>addons\ofxMidi\src</Filter>
		</ClCompile>
		<ClCompile Include="..\..\..\addons\ofxMidi\src\ofxMidiTimecode.cpp">
			<Filter>addons\ofxMidi\src</Filter>
		</ClCompile>
		<ClCompile Include="..\..\..\addons\ofxMidi\libs\rtmidi\RtMidi.cpp">
			<Filter>addons\ofxMidi\libs\rtmidi</Filter>
		</ClCompile>
		<ClCompile Include="..\..\..\addons\ofxXmlSettings\src\ofxXmlSettings.cpp">
			<Filter>addons\ofxXmlSettings\src</Filter>
		</ClCompile>
		<ClCompile Include="..\..\..\addons\ofxXmlSettings\libs\tinyxml.cpp">
			<Filter>addons\ofxXmlSettings\libs</Filter>
		</ClCompile>
		<ClCompile Include="..\..\..\addons\ofxXmlSettings\libs\tinyxmlerror.cpp">
			<Filter>addons\ofxXmlSettings\libs</Filter>
		</ClCompile>
		<ClCompile Include="..\..\..\addons\ofxXmlSettings\libs\tinyxmlparser.cpp">
			<Filter>addons\ofxXmlSettings\libs</Filter>
		</ClCompile>
	</ItemGroup>
	<ItemGroup>
		<Filter Include="src">
			<UniqueIdentifier>{d8376475-7454-4a24-b08a-aac121d3ad6f}</UniqueIdentifier>
		</Filter>
		<Filter Include="addons">
			<UniqueIdentifier>{71834F65-F3A9-211E-73B8-DC85}</UniqueIdentifier>
		</Filter>
		<Filter Include="addons\ofxBeatClock">
			<UniqueIdentifier>{12DF30EE-210B-510F-5285-9A1C}</UniqueIdentifier>
		</Filter>
		<Filter Include="addons\ofxBeatClock\src">
			<UniqueIdentifier>{B934A00D-17CC-AE54-9EE9-D0E2}</UniqueIdentifier>
		</Filter>
		<Filter Include="addons\ofxDawMetro">
			<UniqueIdentifier>{A3C6E81B-EA5A-37C4-D5DF-A1EA}</UniqueIdentifier>
		</Filter>
		<Filter Include="addons\ofxDawMetro\src">
			<UniqueIdentifier>{3A48E3A7-2C07-CEA9-DB5C-C551}</UniqueIdentifier>
		</Filter>
		<Filter Include="addons\ofxGuiExtended2">
			<UniqueIdentifier>{C9BEA1F5-2D1E-77DD-0BFC-807D}</UniqueIdentifier>
		</Filter>
		<Filter Include="addons\ofxGuiExtended2\src">
			<UniqueIdentifier>{0F2AB7E3-BC50-0DBF-4302-CE0B}</UniqueIdentifier>
		</Filter>
		<Filter Include="addons\ofxGuiExtended2\src\containers">
			<UniqueIdentifier>{0CD1BC8B-61CE-EF7B-C6D3-723A}</UniqueIdentifier>
		</Filter>
		<Filter Include="addons\ofxGuiExtended2\src\controls">
			<UniqueIdentifier>{C6A22524-561B-53EB-7641-535C}</UniqueIdentifier>
		</Filter>
		<Filter Include="addons\ofxGuiExtended2\src\DOM">
			<UniqueIdentifier>{E11DB881-C7B0-31FA-0E30-5FF0}</UniqueIdentifier>
		</Filter>
		<Filter Include="addons\ofxGuiExtended2\src\util">
			<UniqueIdentifier>{2050AC02-F3C7-6F77-C6E4-9097}</UniqueIdentifier>
		</Filter>
		<Filter Include="addons\ofxGuiExtended2\src\view">
			<UniqueIdentifier>{E5292263-19BB-39DE-EABE-D623}</UniqueIdentifier>
		</Filter>
		<Filter Include="addons\ofxMidi">
			<UniqueIdentifier>{4DF4D977-A753-531B-5057-9AC1}</UniqueIdentifier>
		</Filter>
		<Filter Include="addons\ofxMidi\src">
			<UniqueIdentifier>{7EED8620-FDD5-520C-3F5D-2677}</UniqueIdentifier>
		</Filter>
		<Filter Include="addons\ofxMidi\src\desktop">
			<UniqueIdentifier>{03CA45A4-AB22-A57E-895E-C6BC}</UniqueIdentifier>
		</Filter>
		<Filter Include="addons\ofxMidi\libs">
			<UniqueIdentifier>{B8086AD6-372B-1A12-88A6-74F9}</UniqueIdentifier>
		</Filter>
		<Filter Include="addons\ofxMidi\libs\rtmidi">
			<UniqueIdentifier>{8E6C5628-3502-6F01-4B1D-AEAE}</UniqueIdentifier>
		</Filter>
		<Filter Include="addons\ofxXmlSettings">
			<UniqueIdentifier>{877F005D-13E6-0592-1D97-F2E3}</UniqueIdentifier>
		</Filter>
		<Filter Include="addons\ofxXmlSettings\src">
			<UniqueIdentifier>{CCB2AC63-49D2-977C-CFE8-AEAD}</UniqueIdentifier>
		</Filter>
		<Filter Include="addons\ofxXmlSettings\libs">
			<UniqueIdentifier>{687714A8-1662-FA1C-261F-50F0}</UniqueIdentifier>
		</Filter>
	</ItemGroup>
	<ItemGroup>
		<ClInclude Include="src\ofApp.h">
			<Filter>src</Filter>
		</ClInclude>
		<ClInclude Include="src\ofApp.h">
			<Filter>src</Filter>
		</ClInclude>
		<ClInclude Include="..\..\..\addons\ofxBeatClock\src\ofxBeatClock.h">
			<Filter>addons\ofxBeatClock\src</Filter>
		</ClInclude>
		<ClInclude Include="..\..\..\addons\ofxDawMetro\src\ofxDawMetro.h">
			<Filter>addons\ofxDawMetro\src</Filter>
		</ClInclude>
		<ClInclude Include="..\..\..\addons\ofxGuiExtended2\src\containers\ofxGuiContainer.h">
			<Filter>addons\ofxGuiExtended2\src\containers</Filter>
		</ClInclude>
		<ClInclude Include="..\..\..\addons\ofxGuiExtended2\src\containers\ofxGuiGroup2.h">
			<Filter>addons\ofxGuiExtended2\src\containers</Filter>
		</ClInclude>
		<ClInclude Include="..\..\..\addons\ofxGuiExtended2\src\containers\ofxGuiMenu.h">
			<Filter>addons\ofxGuiExtended2\src\containers</Filter>
		</ClInclude>
		<ClInclude Include="..\..\..\addons\ofxGuiExtended2\src\containers\ofxGuiPanel.h">
			<Filter>addons\ofxGuiExtended2\src\containers</Filter>
		</ClInclude>
		<ClInclude Include="..\..\..\addons\ofxGuiExtended2\src\containers\ofxGuiSliderGroup.h">
			<Filter>addons\ofxGuiExtended2\src\containers</Filter>
		</ClInclude>
		<ClInclude Include="..\..\..\addons\ofxGuiExtended2\src\containers\ofxGuiTabs.h">
			<Filter>addons\ofxGuiExtended2\src\containers</Filter>
		</ClInclude>
		<ClInclude Include="..\..\..\addons\ofxGuiExtended2\src\controls\ofxGuiButton.h">
			<Filter>addons\ofxGuiExtended2\src\controls</Filter>
		</ClInclude>
		<ClInclude Include="..\..\..\addons\ofxGuiExtended2\src\controls\ofxGuiFpsPlotter.h">
			<Filter>addons\ofxGuiExtended2\src\controls</Filter>
		</ClInclude>
		<ClInclude Include="..\..\..\addons\ofxGuiExtended2\src\controls\ofxGuiFunctionPlotter.h">
			<Filter>addons\ofxGuiExtended2\src\controls</Filter>
		</ClInclude>
		<ClInclude Include="..\..\..\addons\ofxGuiExtended2\src\controls\ofxGuiGraphics.h">
			<Filter>addons\ofxGuiExtended2\src\controls</Filter>
		</ClInclude>
		<ClInclude Include="..\..\..\addons\ofxGuiExtended2\src\controls\ofxGuiInputField.h">
			<Filter>addons\ofxGuiExtended2\src\controls</Filter>
		</ClInclude>
		<ClInclude Include="..\..\..\addons\ofxGuiExtended2\src\controls\ofxGuiLabel.h">
			<Filter>addons\ofxGuiExtended2\src\controls</Filter>
		</ClInclude>
		<ClInclude Include="..\..\..\addons\ofxGuiExtended2\src\controls\ofxGuiRangeSlider.h">
			<Filter>addons\ofxGuiExtended2\src\controls</Filter>
		</ClInclude>
		<ClInclude Include="..\..\..\addons\ofxGuiExtended2\src\controls\ofxGuiSlider.h">
			<Filter>addons\ofxGuiExtended2\src\controls</Filter>
		</ClInclude>
		<ClInclude Include="..\..\..\addons\ofxGuiExtended2\src\controls\ofxGuiToggle.h">
			<Filter>addons\ofxGuiExtended2\src\controls</Filter>
		</ClInclude>
		<ClInclude Include="..\..\..\addons\ofxGuiExtended2\src\controls\ofxGuiValuePlotter.h">
			<Filter>addons\ofxGuiExtended2\src\controls</Filter>
		</ClInclude>
		<ClInclude Include="..\..\..\addons\ofxGuiExtended2\src\controls\ofxGuiZoomableGraphics.h">
			<Filter>addons\ofxGuiExtended2\src\controls</Filter>
		</ClInclude>
		<ClInclude Include="..\..\..\addons\ofxGuiExtended2\src\DOM\Document.h">
			<Filter>addons\ofxGuiExtended2\src\DOM</Filter>
		</ClInclude>
		<ClInclude Include="..\..\..\addons\ofxGuiExtended2\src\DOM\Element.h">
			<Filter>addons\ofxGuiExtended2\src\DOM</Filter>
		</ClInclude>
		<ClInclude Include="..\..\..\addons\ofxGuiExtended2\src\DOM\Events.h">
			<Filter>addons\ofxGuiExtended2\src\DOM</Filter>
		</ClInclude>
		<ClInclude Include="..\..\..\addons\ofxGuiExtended2\src\DOM\EventTarget.h">
			<Filter>addons\ofxGuiExtended2\src\DOM</Filter>
		</ClInclude>
		<ClInclude Include="..\..\..\addons\ofxGuiExtended2\src\DOM\Exceptions.h">
			<Filter>addons\ofxGuiExtended2\src\DOM</Filter>
		</ClInclude>
		<ClInclude Include="..\..\..\addons\ofxGuiExtended2\src\DOM\Layout.h">
			<Filter>addons\ofxGuiExtended2\src\DOM</Filter>
		</ClInclude>
		<ClInclude Include="..\..\..\addons\ofxGuiExtended2\src\DOM\ofxDOM.h">
			<Filter>addons\ofxGuiExtended2\src\DOM</Filter>
		</ClInclude>
		<ClInclude Include="..\..\..\addons\ofxGuiExtended2\src\DOM\Types.h">
			<Filter>addons\ofxGuiExtended2\src\DOM</Filter>
		</ClInclude>
		<ClInclude Include="..\..\..\addons\ofxGuiExtended2\src\ofxGuiElement.h">
			<Filter>addons\ofxGuiExtended2\src</Filter>
		</ClInclude>
		<ClInclude Include="..\..\..\addons\ofxGuiExtended2\src\ofxGuiExtended2.h">
			<Filter>addons\ofxGuiExtended2\src</Filter>
		</ClInclude>
		<ClInclude Include="..\..\..\addons\ofxGuiExtended2\src\util\IDGenerator.h">
			<Filter>addons\ofxGuiExtended2\src\util</Filter>
		</ClInclude>
		<ClInclude Include="..\..\..\addons\ofxGuiExtended2\src\view\JsonConfigParser.h">
			<Filter>addons\ofxGuiExtended2\src\view</Filter>
		</ClInclude>
		<ClInclude Include="..\..\..\addons\ofxGuiExtended2\src\view\ofxDOMBoxLayout.h">
			<Filter>addons\ofxGuiExtended2\src\view</Filter>
		</ClInclude>
		<ClInclude Include="..\..\..\addons\ofxGuiExtended2\src\view\ofxDOMFlexBoxLayout.h">
			<Filter>addons\ofxGuiExtended2\src\view</Filter>
		</ClInclude>
		<ClInclude Include="..\..\..\addons\ofxGuiExtended2\src\view\ofxDOMLayoutHelper.h">
			<Filter>addons\ofxGuiExtended2\src\view</Filter>
		</ClInclude>
		<ClInclude Include="..\..\..\addons\ofxGuiExtended2\src\view\ofxGuiDefaultConfig.h">
			<Filter>addons\ofxGuiExtended2\src\view</Filter>
		</ClInclude>
		<ClInclude Include="..\..\..\addons\ofxMidi\src\desktop\ofxRtMidiIn.h">
			<Filter>addons\ofxMidi\src\desktop</Filter>
		</ClInclude>
		<ClInclude Include="..\..\..\addons\ofxMidi\src\desktop\ofxRtMidiOut.h">
			<Filter>addons\ofxMidi\src\desktop</Filter>
		</ClInclude>
		<ClInclude Include="..\..\..\addons\ofxMidi\src\ofxBaseMidi.h">
			<Filter>addons\ofxMidi\src</Filter>
		</ClInclude>
		<ClInclude Include="..\..\..\addons\ofxMidi\src\ofxMidi.h">
			<Filter>addons\ofxMidi\src</Filter>
		</ClInclude>
		<ClInclude Include="..\..\..\addons\ofxMidi\src\ofxMidiClock.h">
			<Filter>addons\ofxMidi\src</Filter>
		</ClInclude>
		<ClInclude Include="..\..\..\addons\ofxMidi\src\ofxMidiConstants.h">
			<Filter>addons\ofxMidi\src</Filter>
		</ClInclude>
		<ClInclude Include="..\..\..\addons\ofxMidi\src\ofxMidiIn.h">
			<Filter>addons\ofxMidi\src</Filter>
		</ClInclude>
		<ClInclude Include="..\..\..\addons\ofxMidi\src\ofxMidiMessage.h">
			<Filter>addons\ofxMidi\src</Filter>
		</ClInclude>
		<ClInclude Include="..\..\..\addons\ofxMidi\src\ofxMidiOut.h">
			<Filter>addons\ofxMidi\src</Filter>
		</ClInclude>
		<ClInclude Include="..\..\..\addons\ofxMidi\src\ofxMidiTimecode.h">
			<Filter>addons\ofxMidi\src</Filter>
		</ClInclude>
		<ClInclude Include="..\..\..\addons\ofxMidi\src\ofxMidiTypes.h">
			<Filter>addons\ofxMidi\src</Filter>
		</ClInclude>
		<ClInclude Include="..\..\..\addons\ofxMidi\libs\rtmidi\RtMidi.h">
			<Filter>addons\ofxMidi\libs\rtmidi</Filter>
		</ClInclude>
		<ClInclude Include="..\..\..\addons\ofxXmlSettings\src\ofxXmlSettings.h">
			<Filter>addons\ofxXmlSettings\src</Filter>
		</ClInclude>
		<ClInclude Include="..\..\..\addons\ofxXmlSettings\libs\tinyxml.h">
			<Filter>addons\ofxXmlSettings\libs</Filter>
		</ClInclude>
	</ItemGroup>
	<ItemGroup>
		<ResourceCompile Include="icon.rc" />
	</ItemGroup>
</Project>
